
Microsoft Visual Studio Solution File, Format Version 12.00
# Visual Studio Version 17
VisualStudioVersion = 17.8.34330.188
MinimumVisualStudioVersion = 10.0.40219.1
Project("{FAE04EC0-301F-11D3-BF4B-00C04F79EFBC}") = "RenomeiAquivo", "RenomeiAquivo\RenomeiAquivo.csproj", "{8C72E20A-EDF2-4AFE-A71A-78F0F352B032}"
EndProject
Global
	GlobalSection(SolutionConfigurationPlatforms) = preSolution
		Debug|Any CPU = Debug|Any CPU
		Release|Any CPU = Release|Any CPU
	EndGlobalSection
	GlobalSection(ProjectConfigurationPlatforms) = postSolution
		{8C72E20A-EDF2-4AFE-A71A-78F0F352B032}.Debug|Any CPU.ActiveCfg = Debug|Any CPU
		{8C72E20A-EDF2-4AFE-A71A-78F0F352B032}.Debug|Any CPU.Build.0 = Debug|Any CPU
		{8C72E20A-EDF2-4AFE-A71A-78F0F352B032}.Release|Any CPU.ActiveCfg = Release|Any CPU
		{8C72E20A-EDF2-4AFE-A71A-78F0F352B032}.Release|Any CPU.Build.0 = Release|Any CPU
	EndGlobalSection
	GlobalSection(SolutionProperties) = preSolution
		HideSolutionNode = FALSE
	EndGlobalSection
	GlobalSection(ExtensibilityGlobals) = postSolution
		SolutionGuid = {11292BDB-6757-402B-9E79-A70CFCC9C6E6}
	EndGlobalSection
EndGlobal
